
Microsoft Visual Studio Solution File, Format Version 12.00
# Visual Studio Version 17
VisualStudioVersion = 17.5.33627.172
MinimumVisualStudioVersion = 10.0.40219.1
Project("{FAE04EC0-301F-11D3-BF4B-00C04F79EFBC}") = "CleanTranslatedText", "CleanTranslatedText.csproj", "{BF76EA42-4CC5-4770-9132-549CAB3139F4}"
EndProject
Global
	GlobalSection(SolutionConfigurationPlatforms) = preSolution
		Debug|Any CPU = Debug|Any CPU
		Release|Any CPU = Release|Any CPU
	EndGlobalSection
	GlobalSection(ProjectConfigurationPlatforms) = postSolution
		{BF76EA42-4CC5-4770-9132-549CAB3139F4}.Debug|Any CPU.ActiveCfg = Debug|Any CPU
		{BF76EA42-4CC5-4770-9132-549CAB3139F4}.Debug|Any CPU.Build.0 = Debug|Any CPU
		{BF76EA42-4CC5-4770-9132-549CAB3139F4}.Release|Any CPU.ActiveCfg = Release|Any CPU
		{BF76EA42-4CC5-4770-9132-549CAB3139F4}.Release|Any CPU.Build.0 = Release|Any CPU
	EndGlobalSection
	GlobalSection(SolutionProperties) = preSolution
		HideSolutionNode = FALSE
	EndGlobalSection
	GlobalSection(ExtensibilityGlobals) = postSolution
		SolutionGuid = {B7D08E3D-8031-4BB9-8D39-48A62BB77CD2}
	EndGlobalSection
EndGlobal
